
Microsoft Visual Studio Solution File, Format Version 12.00
# Visual Studio Version 16
VisualStudioVersion = 16.0.31911.196
MinimumVisualStudioVersion = 10.0.40219.1
Project("{FAE04EC0-301F-11D3-BF4B-00C04F79EFBC}") = "WpfAvtorizationApp", "WpfAvtorizationApp\WpfAvtorizationApp.csproj", "{99658225-E017-4888-B75A-3B607547A927}"
EndProject
Global
	GlobalSection(SolutionConfigurationPlatforms) = preSolution
		Debug|Any CPU = Debug|Any CPU
		Release|Any CPU = Release|Any CPU
	EndGlobalSection
	GlobalSection(ProjectConfigurationPlatforms) = postSolution
		{99658225-E017-4888-B75A-3B607547A927}.Debug|Any CPU.ActiveCfg = Debug|Any CPU
		{99658225-E017-4888-B75A-3B607547A927}.Debug|Any CPU.Build.0 = Debug|Any CPU
		{99658225-E017-4888-B75A-3B607547A927}.Release|Any CPU.ActiveCfg = Release|Any CPU
		{99658225-E017-4888-B75A-3B607547A927}.Release|Any CPU.Build.0 = Release|Any CPU
	EndGlobalSection
	GlobalSection(SolutionProperties) = preSolution
		HideSolutionNode = FALSE
	EndGlobalSection
	GlobalSection(ExtensibilityGlobals) = postSolution
		SolutionGuid = {312072F1-1D56-4A7A-9DB0-27853248CB19}
	EndGlobalSection
EndGlobal
